
Microsoft Visual Studio Solution File, Format Version 12.00
# Visual Studio Version 17
VisualStudioVersion = 17.0.32014.148
MinimumVisualStudioVersion = 10.0.40219.1
Project("{FAE04EC0-301F-11D3-BF4B-00C04F79EFBC}") = "WindowsFormsApp9", "WindowsFormsApp9\WindowsFormsApp9.csproj", "{B043F558-EB24-409F-A6F4-2171F0928175}"
EndProject
Global
	GlobalSection(SolutionConfigurationPlatforms) = preSolution
		Debug|Any CPU = Debug|Any CPU
		Release|Any CPU = Release|Any CPU
	EndGlobalSection
	GlobalSection(ProjectConfigurationPlatforms) = postSolution
		{B043F558-EB24-409F-A6F4-2171F0928175}.Debug|Any CPU.ActiveCfg = Debug|Any CPU
		{B043F558-EB24-409F-A6F4-2171F0928175}.Debug|Any CPU.Build.0 = Debug|Any CPU
		{B043F558-EB24-409F-A6F4-2171F0928175}.Release|Any CPU.ActiveCfg = Release|Any CPU
		{B043F558-EB24-409F-A6F4-2171F0928175}.Release|Any CPU.Build.0 = Release|Any CPU
	EndGlobalSection
	GlobalSection(SolutionProperties) = preSolution
		HideSolutionNode = FALSE
	EndGlobalSection
	GlobalSection(ExtensibilityGlobals) = postSolution
		SolutionGuid = {4AD2D307-B0FD-4000-910B-B0B2BFA26299}
	EndGlobalSection
EndGlobal
